
Microsoft Visual Studio Solution File, Format Version 12.00
Project("{2150E333-8FDC-42A3-9474-1A3956D46DE8}") = "Services", "Services", "{F2CDDA64-52BD-42E1-9144-C3E316520844}"
EndProject
Project("{2150E333-8FDC-42A3-9474-1A3956D46DE8}") = "Catalog", "Catalog", "{47C190A8-E345-4373-ABCB-47B91814BD76}"
EndProject
Project("{FAE04EC0-301F-11D3-BF4B-00C04F79EFBC}") = "Catalog.API", "Services\Catalog\Catalog.API\Catalog.API.csproj", "{31D7D1C3-F292-4CDF-9E99-DC0237EAC647}"
EndProject
Project("{2150E333-8FDC-42A3-9474-1A3956D46DE8}") = "BuildingBlocks", "BuildingBlocks", "{535410A4-8388-4BAE-88D3-88D4B0147532}"
EndProject
Project("{FAE04EC0-301F-11D3-BF4B-00C04F79EFBC}") = "BuildingBlocks", "BuildingBlocks\BuildingBlocks\BuildingBlocks.csproj", "{0E60525C-812E-4351-9457-A242AE973CEB}"
EndProject
Project("{FAE04EC0-301F-11D3-BF4B-00C04F79EFBC}") = "docker-compose", "docker-compose.dcproj", "{6DCBEC70-4866-4297-9AD0-73928CCFA987}"
EndProject
Project("{2150E333-8FDC-42A3-9474-1A3956D46DE8}") = "Basket", "Basket", "{552180E6-A0DD-4BA2-BA1B-1CA76A1886AA}"
EndProject
Project("{FAE04EC0-301F-11D3-BF4B-00C04F79EFBC}") = "Basket.API", "Services\Basket\Basket.API\Basket.API.csproj", "{06ADADDB-1A31-4DA7-8AF0-EFD377A6795C}"
EndProject
Global
	GlobalSection(SolutionConfigurationPlatforms) = preSolution
		Debug|Any CPU = Debug|Any CPU
		Release|Any CPU = Release|Any CPU
	EndGlobalSection
	GlobalSection(NestedProjects) = preSolution
		{47C190A8-E345-4373-ABCB-47B91814BD76} = {F2CDDA64-52BD-42E1-9144-C3E316520844}
		{31D7D1C3-F292-4CDF-9E99-DC0237EAC647} = {47C190A8-E345-4373-ABCB-47B91814BD76}
		{0E60525C-812E-4351-9457-A242AE973CEB} = {535410A4-8388-4BAE-88D3-88D4B0147532}
		{552180E6-A0DD-4BA2-BA1B-1CA76A1886AA} = {F2CDDA64-52BD-42E1-9144-C3E316520844}
		{06ADADDB-1A31-4DA7-8AF0-EFD377A6795C} = {552180E6-A0DD-4BA2-BA1B-1CA76A1886AA}
	EndGlobalSection
	GlobalSection(ProjectConfigurationPlatforms) = postSolution
		{31D7D1C3-F292-4CDF-9E99-DC0237EAC647}.Debug|Any CPU.ActiveCfg = Debug|Any CPU
		{31D7D1C3-F292-4CDF-9E99-DC0237EAC647}.Debug|Any CPU.Build.0 = Debug|Any CPU
		{31D7D1C3-F292-4CDF-9E99-DC0237EAC647}.Release|Any CPU.ActiveCfg = Release|Any CPU
		{31D7D1C3-F292-4CDF-9E99-DC0237EAC647}.Release|Any CPU.Build.0 = Release|Any CPU
		{0E60525C-812E-4351-9457-A242AE973CEB}.Debug|Any CPU.ActiveCfg = Debug|Any CPU
		{0E60525C-812E-4351-9457-A242AE973CEB}.Debug|Any CPU.Build.0 = Debug|Any CPU
		{0E60525C-812E-4351-9457-A242AE973CEB}.Release|Any CPU.ActiveCfg = Release|Any CPU
		{0E60525C-812E-4351-9457-A242AE973CEB}.Release|Any CPU.Build.0 = Release|Any CPU
		{6DCBEC70-4866-4297-9AD0-73928CCFA987}.Debug|Any CPU.ActiveCfg = Debug|Any CPU
		{6DCBEC70-4866-4297-9AD0-73928CCFA987}.Debug|Any CPU.Build.0 = Debug|Any CPU
		{6DCBEC70-4866-4297-9AD0-73928CCFA987}.Release|Any CPU.ActiveCfg = Debug|Any CPU
		{6DCBEC70-4866-4297-9AD0-73928CCFA987}.Release|Any CPU.Build.0 = Debug|Any CPU
		{06ADADDB-1A31-4DA7-8AF0-EFD377A6795C}.Debug|Any CPU.ActiveCfg = Debug|Any CPU
		{06ADADDB-1A31-4DA7-8AF0-EFD377A6795C}.Debug|Any CPU.Build.0 = Debug|Any CPU
		{06ADADDB-1A31-4DA7-8AF0-EFD377A6795C}.Release|Any CPU.ActiveCfg = Release|Any CPU
		{06ADADDB-1A31-4DA7-8AF0-EFD377A6795C}.Release|Any CPU.Build.0 = Release|Any CPU
	EndGlobalSection
EndGlobal
